// !$*UTF8*$!
{
	archiveVersion = 1;
	classes = {
	};
	objectVersion = 50;
	objects = {

/* Begin PBXBuildFile section */
		08F5556440E852ABFB182326 /* Pods_HJG.framework in Frameworks */ = {isa = PBXBuildFile; fileRef = D9D68A57EE5D4C73E8FDA5B3 /* Pods_HJG.framework */; };
		1C20C12B20B6F5980065C498 /* AppDelegate.swift in Sources */ = {isa = PBXBuildFile; fileRef = 1C20C12A20B6F5980065C498 /* AppDelegate.swift */; };
		1C20C13020B6F5980065C498 /* Main.storyboard in Resources */ = {isa = PBXBuildFile; fileRef = 1C20C12E20B6F5980065C498 /* Main.storyboard */; };
		1C20C13220B6F59A0065C498 /* Assets.xcassets in Resources */ = {isa = PBXBuildFile; fileRef = 1C20C13120B6F59A0065C498 /* Assets.xcassets */; };
		1C20C13520B6F59A0065C498 /* LaunchScreen.storyboard in Resources */ = {isa = PBXBuildFile; fileRef = 1C20C13320B6F59A0065C498 /* LaunchScreen.storyboard */; };
		1C20C13E20B6F7D90065C498 /* SignInVC.swift in Sources */ = {isa = PBXBuildFile; fileRef = 1C20C13D20B6F7D90065C498 /* SignInVC.swift */; };
		1C20C14020B6F7F00065C498 /* SignUpVC.swift in Sources */ = {isa = PBXBuildFile; fileRef = 1C20C13F20B6F7F00065C498 /* SignUpVC.swift */; };
		1C20C14520B6F87E0065C498 /* SDMiSaeng.ttf in Resources */ = {isa = PBXBuildFile; fileRef = 1C20C14220B6F87E0065C498 /* SDMiSaeng.ttf */; };
		1C20C14620B6F87E0065C498 /* UIViewX.swift in Sources */ = {isa = PBXBuildFile; fileRef = 1C20C14320B6F87E0065C498 /* UIViewX.swift */; };
		1C20C14720B6F87E0065C498 /* UIButtonX.swift in Sources */ = {isa = PBXBuildFile; fileRef = 1C20C14420B6F87E0065C498 /* UIButtonX.swift */; };
		1C20C14920B70B600065C498 /* GoogleService-Info.plist in Resources */ = {isa = PBXBuildFile; fileRef = 1C20C14820B70B600065C498 /* GoogleService-Info.plist */; };
		1C20C14B20B712100065C498 /* AlertVC.swift in Sources */ = {isa = PBXBuildFile; fileRef = 1C20C14A20B712100065C498 /* AlertVC.swift */; };
		1C20C14D20B712CF0065C498 /* Common.swift in Sources */ = {isa = PBXBuildFile; fileRef = 1C20C14C20B712CF0065C498 /* Common.swift */; };
/* End PBXBuildFile section */

/* Begin PBXFileReference section */
		1C20C12720B6F5980065C498 /* HJG.app */ = {isa = PBXFileReference; explicitFileType = wrapper.application; includeInIndex = 0; path = HJG.app; sourceTree = BUILT_PRODUCTS_DIR; };
		1C20C12A20B6F5980065C498 /* AppDelegate.swift */ = {isa = PBXFileReference; lastKnownFileType = sourcecode.swift; path = AppDelegate.swift; sourceTree = "<group>"; };
		1C20C12F20B6F5980065C498 /* Base */ = {isa = PBXFileReference; lastKnownFileType = file.storyboard; name = Base; path = Base.lproj/Main.storyboard; sourceTree = "<group>"; };
		1C20C13120B6F59A0065C498 /* Assets.xcassets */ = {isa = PBXFileReference; lastKnownFileType = folder.assetcatalog; path = Assets.xcassets; sourceTree = "<group>"; };
		1C20C13420B6F59A0065C498 /* Base */ = {isa = PBXFileReference; lastKnownFileType = file.storyboard; name = Base; path = Base.lproj/LaunchScreen.storyboard; sourceTree = "<group>"; };
		1C20C13620B6F59A0065C498 /* Info.plist */ = {isa = PBXFileReference; lastKnownFileType = text.plist.xml; path = Info.plist; sourceTree = "<group>"; };
		1C20C13D20B6F7D90065C498 /* SignInVC.swift */ = {isa = PBXFileReference; lastKnownFileType = sourcecode.swift; path = SignInVC.swift; sourceTree = "<group>"; };
		1C20C13F20B6F7F00065C498 /* SignUpVC.swift */ = {isa = PBXFileReference; lastKnownFileType = sourcecode.swift; path = SignUpVC.swift; sourceTree = "<group>"; };
		1C20C14220B6F87E0065C498 /* SDMiSaeng.ttf */ = {isa = PBXFileReference; lastKnownFileType = file; path = SDMiSaeng.ttf; sourceTree = "<group>"; };
		1C20C14320B6F87E0065C498 /* UIViewX.swift */ = {isa = PBXFileReference; fileEncoding = 4; lastKnownFileType = sourcecode.swift; path = UIViewX.swift; sourceTree = "<group>"; };
		1C20C14420B6F87E0065C498 /* UIButtonX.swift */ = {isa = PBXFileReference; fileEncoding = 4; lastKnownFileType = sourcecode.swift; path = UIButtonX.swift; sourceTree = "<group>"; };
		1C20C14820B70B600065C498 /* GoogleService-Info.plist */ = {isa = PBXFileReference; fileEncoding = 4; lastKnownFileType = text.plist.xml; path = "GoogleService-Info.plist"; sourceTree = "<group>"; };
		1C20C14A20B712100065C498 /* AlertVC.swift */ = {isa = PBXFileReference; lastKnownFileType = sourcecode.swift; path = AlertVC.swift; sourceTree = "<group>"; };
		1C20C14C20B712CF0065C498 /* Common.swift */ = {isa = PBXFileReference; lastKnownFileType = sourcecode.swift; path = Common.swift; sourceTree = "<group>"; };
		C576C6ED499B7FC443871BB6 /* Pods-HJG.release.xcconfig */ = {isa = PBXFileReference; includeInIndex = 1; lastKnownFileType = text.xcconfig; name = "Pods-HJG.release.xcconfig"; path = "Pods/Target Support Files/Pods-HJG/Pods-HJG.release.xcconfig"; sourceTree = "<group>"; };
		C6D9392F0C1C3B0144260A7F /* Pods-HJG.debug.xcconfig */ = {isa = PBXFileReference; includeInIndex = 1; lastKnownFileType = text.xcconfig; name = "Pods-HJG.debug.xcconfig"; path = "Pods/Target Support Files/Pods-HJG/Pods-HJG.debug.xcconfig"; sourceTree = "<group>"; };
		D9D68A57EE5D4C73E8FDA5B3 /* Pods_HJG.framework */ = {isa = PBXFileReference; explicitFileType = wrapper.framework; includeInIndex = 0; path = Pods_HJG.framework; sourceTree = BUILT_PRODUCTS_DIR; };
/* End PBXFileReference section */

/* Begin PBXFrameworksBuildPhase section */
		1C20C12420B6F5980065C498 /* Frameworks */ = {
			isa = PBXFrameworksBuildPhase;
			buildActionMask = 2147483647;
			files = (
				08F5556440E852ABFB182326 /* Pods_HJG.framework in Frameworks */,
			);
			runOnlyForDeploymentPostprocessing = 0;
		};
/* End PBXFrameworksBuildPhase section */

/* Begin PBXGroup section */
		0708704605E6148CF8578852 /* Pods */ = {
			isa = PBXGroup;
			children = (
				C6D9392F0C1C3B0144260A7F /* Pods-HJG.debug.xcconfig */,
				C576C6ED499B7FC443871BB6 /* Pods-HJG.release.xcconfig */,
			);
			name = Pods;
			sourceTree = "<group>";
		};
		1C20C11E20B6F5980065C498 = {
			isa = PBXGroup;
			children = (
				1C20C12920B6F5980065C498 /* HJG */,
				1C20C12820B6F5980065C498 /* Products */,
				0708704605E6148CF8578852 /* Pods */,
				8B56BD082D3FA6FDF48E7154 /* Frameworks */,
			);
			sourceTree = "<group>";
		};
		1C20C12820B6F5980065C498 /* Products */ = {
			isa = PBXGroup;
			children = (
				1C20C12720B6F5980065C498 /* HJG.app */,
			);
			name = Products;
			sourceTree = "<group>";
		};
		1C20C12920B6F5980065C498 /* HJG */ = {
			isa = PBXGroup;
			children = (
				1C20C14C20B712CF0065C498 /* Common.swift */,
				1C20C13C20B6F7B90065C498 /* Controller */,
				1C20C14120B6F86B0065C498 /* Resources */,
				1C20C12E20B6F5980065C498 /* Main.storyboard */,
				1C20C13120B6F59A0065C498 /* Assets.xcassets */,
				1C20C13320B6F59A0065C498 /* LaunchScreen.storyboard */,
				1C20C13620B6F59A0065C498 /* Info.plist */,
				1C20C14820B70B600065C498 /* GoogleService-Info.plist */,
			);
			path = HJG;
			sourceTree = "<group>";
		};
		1C20C13C20B6F7B90065C498 /* Controller */ = {
			isa = PBXGroup;
			children = (
				1C20C12A20B6F5980065C498 /* AppDelegate.swift */,
				1C20C14A20B712100065C498 /* AlertVC.swift */,
				1C20C13D20B6F7D90065C498 /* SignInVC.swift */,
				1C20C13F20B6F7F00065C498 /* SignUpVC.swift */,
			);
			path = Controller;
			sourceTree = "<group>";
		};
		1C20C14120B6F86B0065C498 /* Resources */ = {
			isa = PBXGroup;
			children = (
				1C20C14220B6F87E0065C498 /* SDMiSaeng.ttf */,
				1C20C14320B6F87E0065C498 /* UIViewX.swift */,
				1C20C14420B6F87E0065C498 /* UIButtonX.swift */,
			);
			path = Resources;
			sourceTree = "<group>";
		};
		8B56BD082D3FA6FDF48E7154 /* Frameworks */ = {
			isa = PBXGroup;
			children = (
				D9D68A57EE5D4C73E8FDA5B3 /* Pods_HJG.framework */,
			);
			name = Frameworks;
			sourceTree = "<group>";
		};
/* End PBXGroup section */

/* Begin PBXNativeTarget section */
		1C20C12620B6F5980065C498 /* HJG */ = {
			isa = PBXNativeTarget;
			buildConfigurationList = 1C20C13920B6F59A0065C498 /* Build configuration list for PBXNativeTarget "HJG" */;
			buildPhases = (
				5E4ED1EF2D41F8FDF5FC9585 /* [CP] Check Pods Manifest.lock */,
				1C20C12320B6F5980065C498 /* Sources */,
				1C20C12420B6F5980065C498 /* Frameworks */,
				1C20C12520B6F5980065C498 /* Resources */,
				9DE45E237107DEA90D57968C /* [CP] Embed Pods Frameworks */,
				D4EDE491670FCACC9C66981A /* [CP] Copy Pods Resources */,
			);
			buildRules = (
			);
			dependencies = (
			);
			name = HJG;
			productName = HJG;
			productReference = 1C20C12720B6F5980065C498 /* HJG.app */;
			productType = "com.apple.product-type.application";
		};
/* End PBXNativeTarget section */

/* Begin PBXProject section */
		1C20C11F20B6F5980065C498 /* Project object */ = {
			isa = PBXProject;
			attributes = {
				LastSwiftUpdateCheck = 0930;
				LastUpgradeCheck = 0930;
				ORGANIZATIONNAME = "Suzy Park";
				TargetAttributes = {
					1C20C12620B6F5980065C498 = {
						CreatedOnToolsVersion = 9.3.1;
					};
				};
			};
			buildConfigurationList = 1C20C12220B6F5980065C498 /* Build configuration list for PBXProject "HJG" */;
			compatibilityVersion = "Xcode 9.3";
			developmentRegion = en;
			hasScannedForEncodings = 0;
			knownRegions = (
				en,
				Base,
			);
			mainGroup = 1C20C11E20B6F5980065C498;
			productRefGroup = 1C20C12820B6F5980065C498 /* Products */;
			projectDirPath = "";
			projectRoot = "";
			targets = (
				1C20C12620B6F5980065C498 /* HJG */,
			);
		};
/* End PBXProject section */

/* Begin PBXResourcesBuildPhase section */
		1C20C12520B6F5980065C498 /* Resources */ = {
			isa = PBXResourcesBuildPhase;
			buildActionMask = 2147483647;
			files = (
				1C20C14520B6F87E0065C498 /* SDMiSaeng.ttf in Resources */,
				1C20C13520B6F59A0065C498 /* LaunchScreen.storyboard in Resources */,
				1C20C14920B70B600065C498 /* GoogleService-Info.plist in Resources */,
				1C20C13220B6F59A0065C498 /* Assets.xcassets in Resources */,
				1C20C13020B6F5980065C498 /* Main.storyboard in Resources */,
			);
			runOnlyForDeploymentPostprocessing = 0;
		};
/* End PBXResourcesBuildPhase section */

/* Begin PBXShellScriptBuildPhase section */
		5E4ED1EF2D41F8FDF5FC9585 /* [CP] Check Pods Manifest.lock */ = {
			isa = PBXShellScriptBuildPhase;
			buildActionMask = 2147483647;
			files = (
			);
			inputPaths = (
				"${PODS_PODFILE_DIR_PATH}/Podfile.lock",
				"${PODS_ROOT}/Manifest.lock",
			);
			name = "[CP] Check Pods Manifest.lock";
			outputPaths = (
				"$(DERIVED_FILE_DIR)/Pods-HJG-checkManifestLockResult.txt",
			);
			runOnlyForDeploymentPostprocessing = 0;
			shellPath = /bin/sh;
			shellScript = "diff \"${PODS_PODFILE_DIR_PATH}/Podfile.lock\" \"${PODS_ROOT}/Manifest.lock\" > /dev/null\nif [ $? != 0 ] ; then\n    # print error to STDERR\n    echo \"error: The sandbox is not in sync with the Podfile.lock. Run 'pod install' or update your CocoaPods installation.\" >&2\n    exit 1\nfi\n# This output is used by Xcode 'outputs' to avoid re-running this script phase.\necho \"SUCCESS\" > \"${SCRIPT_OUTPUT_FILE_0}\"\n";
			showEnvVarsInLog = 0;
		};
		9DE45E237107DEA90D57968C /* [CP] Embed Pods Frameworks */ = {
			isa = PBXShellScriptBuildPhase;
			buildActionMask = 2147483647;
			files = (
			);
			inputPaths = (
				"${SRCROOT}/Pods/Target Support Files/Pods-HJG/Pods-HJG-frameworks.sh",
				"${BUILT_PRODUCTS_DIR}/BoringSSL/openssl.framework",
				"${BUILT_PRODUCTS_DIR}/GTMOAuth2/GTMOAuth2.framework",
				"${BUILT_PRODUCTS_DIR}/GTMSessionFetcher/GTMSessionFetcher.framework",
				"${BUILT_PRODUCTS_DIR}/GoogleToolboxForMac/GoogleToolboxForMac.framework",
				"${BUILT_PRODUCTS_DIR}/Protobuf/Protobuf.framework",
				"${BUILT_PRODUCTS_DIR}/gRPC/GRPCClient.framework",
				"${BUILT_PRODUCTS_DIR}/gRPC-Core/grpc.framework",
				"${BUILT_PRODUCTS_DIR}/gRPC-ProtoRPC/ProtoRPC.framework",
				"${BUILT_PRODUCTS_DIR}/gRPC-RxLibrary/RxLibrary.framework",
				"${BUILT_PRODUCTS_DIR}/leveldb-library/leveldb.framework",
				"${BUILT_PRODUCTS_DIR}/nanopb/nanopb.framework",
			);
			name = "[CP] Embed Pods Frameworks";
			outputPaths = (
				"${TARGET_BUILD_DIR}/${FRAMEWORKS_FOLDER_PATH}/openssl.framework",
				"${TARGET_BUILD_DIR}/${FRAMEWORKS_FOLDER_PATH}/GTMOAuth2.framework",
				"${TARGET_BUILD_DIR}/${FRAMEWORKS_FOLDER_PATH}/GTMSessionFetcher.framework",
				"${TARGET_BUILD_DIR}/${FRAMEWORKS_FOLDER_PATH}/GoogleToolboxForMac.framework",
				"${TARGET_BUILD_DIR}/${FRAMEWORKS_FOLDER_PATH}/Protobuf.framework",
				"${TARGET_BUILD_DIR}/${FRAMEWORKS_FOLDER_PATH}/GRPCClient.framework",
				"${TARGET_BUILD_DIR}/${FRAMEWORKS_FOLDER_PATH}/grpc.framework",
				"${TARGET_BUILD_DIR}/${FRAMEWORKS_FOLDER_PATH}/ProtoRPC.framework",
				"${TARGET_BUILD_DIR}/${FRAMEWORKS_FOLDER_PATH}/RxLibrary.framework",
				"${TARGET_BUILD_DIR}/${FRAMEWORKS_FOLDER_PATH}/leveldb.framework",
				"${TARGET_BUILD_DIR}/${FRAMEWORKS_FOLDER_PATH}/nanopb.framework",
			);
			runOnlyForDeploymentPostprocessing = 0;
			shellPath = /bin/sh;
			shellScript = "\"${SRCROOT}/Pods/Target Support Files/Pods-HJG/Pods-HJG-frameworks.sh\"\n";
			showEnvVarsInLog = 0;
		};
		D4EDE491670FCACC9C66981A /* [CP] Copy Pods Resources */ = {
			isa = PBXShellScriptBuildPhase;
			buildActionMask = 2147483647;
			files = (
			);
			inputPaths = (
				"${SRCROOT}/Pods/Target Support Files/Pods-HJG/Pods-HJG-resources.sh",
				"${PODS_CONFIGURATION_BUILD_DIR}/FirebaseUI/FirebaseAuthUI.bundle",
				"${PODS_CONFIGURATION_BUILD_DIR}/FirebaseUI/FirebaseGoogleAuthUI.bundle",
				"${PODS_ROOT}/GoogleSignIn/Resources/GoogleSignIn.bundle",
			);
			name = "[CP] Copy Pods Resources";
			outputPaths = (
				"${TARGET_BUILD_DIR}/${UNLOCALIZED_RESOURCES_FOLDER_PATH}/FirebaseAuthUI.bundle",
				"${TARGET_BUILD_DIR}/${UNLOCALIZED_RESOURCES_FOLDER_PATH}/FirebaseGoogleAuthUI.bundle",
				"${TARGET_BUILD_DIR}/${UNLOCALIZED_RESOURCES_FOLDER_PATH}/GoogleSignIn.bundle",
			);
			runOnlyForDeploymentPostprocessing = 0;
			shellPath = /bin/sh;
			shellScript = "\"${SRCROOT}/Pods/Target Support Files/Pods-HJG/Pods-HJG-resources.sh\"\n";
			showEnvVarsInLog = 0;
		};
/* End PBXShellScriptBuildPhase section */

/* Begin PBXSourcesBuildPhase section */
		1C20C12320B6F5980065C498 /* Sources */ = {
			isa = PBXSourcesBuildPhase;
			buildActionMask = 2147483647;
			files = (
				1C20C13E20B6F7D90065C498 /* SignInVC.swift in Sources */,
				1C20C14720B6F87E0065C498 /* UIButtonX.swift in Sources */,
				1C20C14620B6F87E0065C498 /* UIViewX.swift in Sources */,
				1C20C14B20B712100065C498 /* AlertVC.swift in Sources */,
				1C20C14020B6F7F00065C498 /* SignUpVC.swift in Sources */,
				1C20C12B20B6F5980065C498 /* AppDelegate.swift in Sources */,
				1C20C14D20B712CF0065C498 /* Common.swift in Sources */,
			);
			runOnlyForDeploymentPostprocessing = 0;
		};
/* End PBXSourcesBuildPhase section */

/* Begin PBXVariantGroup section */
		1C20C12E20B6F5980065C498 /* Main.storyboard */ = {
			isa = PBXVariantGroup;
			children = (
				1C20C12F20B6F5980065C498 /* Base */,
			);
			name = Main.storyboard;
			sourceTree = "<group>";
		};
		1C20C13320B6F59A0065C498 /* LaunchScreen.storyboard */ = {
			isa = PBXVariantGroup;
			children = (
				1C20C13420B6F59A0065C498 /* Base */,
			);
			name = LaunchScreen.storyboard;
			sourceTree = "<group>";
		};
/* End PBXVariantGroup section */

/* Begin XCBuildConfiguration section */
		1C20C13720B6F59A0065C498 /* Debug */ = {
			isa = XCBuildConfiguration;
			buildSettings = {
				ALWAYS_SEARCH_USER_PATHS = NO;
				CLANG_ANALYZER_NONNULL = YES;
				CLANG_ANALYZER_NUMBER_OBJECT_CONVERSION = YES_AGGRESSIVE;
				CLANG_CXX_LANGUAGE_STANDARD = "gnu++14";
				CLANG_CXX_LIBRARY = "libc++";
				CLANG_ENABLE_MODULES = YES;
				CLANG_ENABLE_OBJC_ARC = YES;
				CLANG_ENABLE_OBJC_WEAK = YES;
				CLANG_WARN_BLOCK_CAPTURE_AUTORELEASING = YES;
				CLANG_WARN_BOOL_CONVERSION = YES;
				CLANG_WARN_COMMA = YES;
				CLANG_WARN_CONSTANT_CONVERSION = YES;
				CLANG_WARN_DEPRECATED_OBJC_IMPLEMENTATIONS = YES;
				CLANG_WARN_DIRECT_OBJC_ISA_USAGE = YES_ERROR;
				CLANG_WARN_DOCUMENTATION_COMMENTS = YES;
				CLANG_WARN_EMPTY_BODY = YES;
				CLANG_WARN_ENUM_CONVERSION = YES;
				CLANG_WARN_INFINITE_RECURSION = YES;
				CLANG_WARN_INT_CONVERSION = YES;
				CLANG_WARN_NON_LITERAL_NULL_CONVERSION = YES;
				CLANG_WARN_OBJC_IMPLICIT_RETAIN_SELF = YES;
				CLANG_WARN_OBJC_LITERAL_CONVERSION = YES;
				CLANG_WARN_OBJC_ROOT_CLASS = YES_ERROR;
				CLANG_WARN_RANGE_LOOP_ANALYSIS = YES;
				CLANG_WARN_STRICT_PROTOTYPES = YES;
				CLANG_WARN_SUSPICIOUS_MOVE = YES;
				CLANG_WARN_UNGUARDED_AVAILABILITY = YES_AGGRESSIVE;
				CLANG_WARN_UNREACHABLE_CODE = YES;
				CLANG_WARN__DUPLICATE_METHOD_MATCH = YES;
				CODE_SIGN_IDENTITY = "iPhone Developer";
				COPY_PHASE_STRIP = NO;
				DEBUG_INFORMATION_FORMAT = dwarf;
				ENABLE_STRICT_OBJC_MSGSEND = YES;
				ENABLE_TESTABILITY = YES;
				GCC_C_LANGUAGE_STANDARD = gnu11;
				GCC_DYNAMIC_NO_PIC = NO;
				GCC_NO_COMMON_BLOCKS = YES;
				GCC_OPTIMIZATION_LEVEL = 0;
				GCC_PREPROCESSOR_DEFINITIONS = (
					"DEBUG=1",
					"$(inherited)",
				);
				GCC_WARN_64_TO_32_BIT_CONVERSION = YES;
				GCC_WARN_ABOUT_RETURN_TYPE = YES_ERROR;
				GCC_WARN_UNDECLARED_SELECTOR = YES;
				GCC_WARN_UNINITIALIZED_AUTOS = YES_AGGRESSIVE;
				GCC_WARN_UNUSED_FUNCTION = YES;
				GCC_WARN_UNUSED_VARIABLE = YES;
				IPHONEOS_DEPLOYMENT_TARGET = 11.3;
				MTL_ENABLE_DEBUG_INFO = YES;
				ONLY_ACTIVE_ARCH = YES;
				SDKROOT = iphoneos;
				SWIFT_ACTIVE_COMPILATION_CONDITIONS = DEBUG;
				SWIFT_OPTIMIZATION_LEVEL = "-Onone";
			};
			name = Debug;
		};
		1C20C13820B6F59A0065C498 /* Release */ = {
			isa = XCBuildConfiguration;
			buildSettings = {
				ALWAYS_SEARCH_USER_PATHS = NO;
				CLANG_ANALYZER_NONNULL = YES;
				CLANG_ANALYZER_NUMBER_OBJECT_CONVERSION = YES_AGGRESSIVE;
				CLANG_CXX_LANGUAGE_STANDARD = "gnu++14";
				CLANG_CXX_LIBRARY = "libc++";
				CLANG_ENABLE_MODULES = YES;
				CLANG_ENABLE_OBJC_ARC = YES;
				CLANG_ENABLE_OBJC_WEAK = YES;
				CLANG_WARN_BLOCK_CAPTURE_AUTORELEASING = YES;
				CLANG_WARN_BOOL_CONVERSION = YES;
				CLANG_WARN_COMMA = YES;
				CLANG_WARN_CONSTANT_CONVERSION = YES;
				CLANG_WARN_DEPRECATED_OBJC_IMPLEMENTATIONS = YES;
				CLANG_WARN_DIRECT_OBJC_ISA_USAGE = YES_ERROR;
				CLANG_WARN_DOCUMENTATION_COMMENTS = YES;
				CLANG_WARN_EMPTY_BODY = YES;
				CLANG_WARN_ENUM_CONVERSION = YES;
				CLANG_WARN_INFINITE_RECURSION = YES;
				CLANG_WARN_INT_CONVERSION = YES;
				CLANG_WARN_NON_LITERAL_NULL_CONVERSION = YES;
				CLANG_WARN_OBJC_IMPLICIT_RETAIN_SELF = YES;
				CLANG_WARN_OBJC_LITERAL_CONVERSION = YES;
				CLANG_WARN_OBJC_ROOT_CLASS = YES_ERROR;
				CLANG_WARN_RANGE_LOOP_ANALYSIS = YES;
				CLANG_WARN_STRICT_PROTOTYPES = YES;
				CLANG_WARN_SUSPICIOUS_MOVE = YES;
				CLANG_WARN_UNGUARDED_AVAILABILITY = YES_AGGRESSIVE;
				CLANG_WARN_UNREACHABLE_CODE = YES;
				CLANG_WARN__DUPLICATE_METHOD_MATCH = YES;
				CODE_SIGN_IDENTITY = "iPhone Developer";
				COPY_PHASE_STRIP = NO;
				DEBUG_INFORMATION_FORMAT = "dwarf-with-dsym";
				ENABLE_NS_ASSERTIONS = NO;
				ENABLE_STRICT_OBJC_MSGSEND = YES;
				GCC_C_LANGUAGE_STANDARD = gnu11;
				GCC_NO_COMMON_BLOCKS = YES;
				GCC_WARN_64_TO_32_BIT_CONVERSION = YES;
				GCC_WARN_ABOUT_RETURN_TYPE = YES_ERROR;
				GCC_WARN_UNDECLARED_SELECTOR = YES;
				GCC_WARN_UNINITIALIZED_AUTOS = YES_AGGRESSIVE;
				GCC_WARN_UNUSED_FUNCTION = YES;
				GCC_WARN_UNUSED_VARIABLE = YES;
				IPHONEOS_DEPLOYMENT_TARGET = 11.3;
				MTL_ENABLE_DEBUG_INFO = NO;
				SDKROOT = iphoneos;
				SWIFT_COMPILATION_MODE = wholemodule;
				SWIFT_OPTIMIZATION_LEVEL = "-O";
				VALIDATE_PRODUCT = YES;
			};
			name = Release;
		};
		1C20C13A20B6F59A0065C498 /* Debug */ = {
			isa = XCBuildConfiguration;
			baseConfigurationReference = C6D9392F0C1C3B0144260A7F /* Pods-HJG.debug.xcconfig */;
			buildSettings = {
				ASSETCATALOG_COMPILER_APPICON_NAME = AppIcon;
				CODE_SIGN_STYLE = Automatic;
				DEVELOPMENT_TEAM = 98S7TU46JD;
				INFOPLIST_FILE = HJG/Info.plist;
				LD_RUNPATH_SEARCH_PATHS = (
					"$(inherited)",
					"@executable_path/Frameworks",
				);
				PRODUCT_BUNDLE_IDENTIFIER = com.chico.HJG;
				PRODUCT_NAME = "$(TARGET_NAME)";
				SWIFT_VERSION = 4.0;
				TARGETED_DEVICE_FAMILY = "1,2";
			};
			name = Debug;
		};
		1C20C13B20B6F59A0065C498 /* Release */ = {
			isa = XCBuildConfiguration;
			baseConfigurationReference = C576C6ED499B7FC443871BB6 /* Pods-HJG.release.xcconfig */;
			buildSettings = {
				ASSETCATALOG_COMPILER_APPICON_NAME = AppIcon;
				CODE_SIGN_STYLE = Automatic;
				DEVELOPMENT_TEAM = 98S7TU46JD;
				INFOPLIST_FILE = HJG/Info.plist;
				LD_RUNPATH_SEARCH_PATHS = (
					"$(inherited)",
					"@executable_path/Frameworks",
				);
				PRODUCT_BUNDLE_IDENTIFIER = com.chico.HJG;
				PRODUCT_NAME = "$(TARGET_NAME)";
				SWIFT_VERSION = 4.0;
				TARGETED_DEVICE_FAMILY = "1,2";
			};
			name = Release;
		};
/* End XCBuildConfiguration section */

/* Begin XCConfigurationList section */
		1C20C12220B6F5980065C498 /* Build configuration list for PBXProject "HJG" */ = {
			isa = XCConfigurationList;
			buildConfigurations = (
				1C20C13720B6F59A0065C498 /* Debug */,
				1C20C13820B6F59A0065C498 /* Release */,
			);
			defaultConfigurationIsVisible = 0;
			defaultConfigurationName = Release;
		};
		1C20C13920B6F59A0065C498 /* Build configuration list for PBXNativeTarget "HJG" */ = {
			isa = XCConfigurationList;
			buildConfigurations = (
				1C20C13A20B6F59A0065C498 /* Debug */,
				1C20C13B20B6F59A0065C498 /* Release */,
			);
			defaultConfigurationIsVisible = 0;
			defaultConfigurationName = Release;
		};
/* End XCConfigurationList section */
	};
	rootObject = 1C20C11F20B6F5980065C498 /* Project object */;
}
